{
  "name": "nuphos-codex-acp-runtime",
  "lockfileVersion": 3,
  "requires": true,
  "packages": {
    "": {
      "name": "nuphos-codex-acp-runtime",
      "dependencies": {
        "@agentclientprotocol/codex-acp": "1.1.4",
        "@openai/codex": "0.153.4"
      }
    },
    "node_modules/@agentclientprotocol/codex-acp": {
      "version": "1.1.4",
      "resolved": "https://registry.npmjs.org/@agentclientprotocol/codex-acp/-/codex-acp-1.1.4.tgz",
      "integrity": "sha512-DzusIpGwlQwMWuHgJhU8FWMsyQvzjenB93IEzQATkdbNulo5Rd9GKOz8+B+/C9iWWxmyXgtgmjzaL+iRFyDryQ==",
      "license": "Apache-2.0",
      "dependencies": {
        "@agentclientprotocol/sdk": "^1.2.1",
        "@openai/codex": "^0.144.4",
        "diff": "^9.0.0",
        "open": "^11.0.0",
        "vscode-jsonrpc": "^9.0.1",
        "zod": "^4.0.0"
      },
      "bin": {
        "codex-acp": "dist/index.js"
      }
    },
    "node_modules/@agentclientprotocol/sdk": {
      "version": "1.4.0",
      "resolved": "https://registry.npmjs.org/@agentclientprotocol/sdk/-/sdk-1.4.0.tgz",
      "integrity": "sha512-/eufudw+aFY1LKLolT6yFE6UMmYRl7fMJ/DEONSIyR6wI3slHWITBsANRGqXEY8FRzqUxwh7QEaGiZHcJPVThg==",
      "license": "Apache-2.0",
      "peerDependencies": {
        "zod": "^3.25.0 || ^4.0.0"
      }
    },
    "node_modules/@openai/codex": {
      "version": "0.153.4",
      "resolved": "https://registry.npmjs.org/@openai/codex/-/codex-0.153.4.tgz",
      "integrity": "sha512-wbHDmit7S/YvBGVX1DQmk13xtWblZ2cApeJ/pB7xDZ10Cna+DZc5ij7f0F4OxdsXN4FW1oLT48OpogUI1+8Y2w==",
      "license": "Apache-2.0",
      "bin": {
        "codex": "bin/codex.js"
      },
      "engines": {
        "node": ">=16"
      },
      "optionalDependencies": {
        "@openai/codex-darwin-arm64": "npm:@openai/codex@0.153.4-darwin-arm64",
        "@openai/codex-darwin-x64": "npm:@openai/codex@0.153.4-darwin-x64",
        "@openai/codex-linux-arm64": "npm:@openai/codex@0.153.4-linux-arm64",
        "@openai/codex-linux-x64": "npm:@openai/codex@0.153.4-linux-x64",
        "@openai/codex-win32-arm64": "npm:@openai/codex@0.153.4-win32-arm64",
        "@openai/codex-win32-x64": "npm:@openai/codex@0.153.4-win32-x64"
      }
    },
    "node_modules/@openai/codex-darwin-arm64": {
      "name": "@openai/codex",
      "version": "0.153.4-darwin-arm64",
      "resolved": "https://registry.npmjs.org/@openai/codex/-/codex-0.153.4-darwin-arm64.tgz",
      "integrity": "sha512-B1qhN3fa1ay0R0wGziXqgwSkB5icpYChNKHhtBHff/0UtSTC7z+l8aTtvMlGjH3E8HEvY3+njIJelM9CAAoVWg==",
      "cpu": [
        "arm64"
      ],
      "license": "Apache-2.0",
      "optional": true,
      "os": [
        "darwin"
      ],
      "engines": {
        "node": ">=16"
      }
    },
    "node_modules/@openai/codex-darwin-x64": {
      "name": "@openai/codex",
      "version": "0.153.4-darwin-x64",
      "resolved": "https://registry.npmjs.org/@openai/codex/-/codex-0.153.4-darwin-x64.tgz",
      "integrity": "sha512-vnSbbPzfoDZmmyzsxswsDDXQ06IVFBzkQU7/hroB3ji93Ok2utcsq8Psfk2tjF5r9mEx8RWFJhzuTGHG26/NDA==",
      "cpu": [
        "x64"
      ],
      "license": "Apache-2.0",
      "optional": true,
      "os": [
        "darwin"
      ],
      "engines": {
        "node": ">=16"
      }
    },
    "node_modules/@openai/codex-linux-arm64": {
      "name": "@openai/codex",
      "version": "0.153.4-linux-arm64",
      "resolved": "https://registry.npmjs.org/@openai/codex/-/codex-0.153.4-linux-arm64.tgz",
      "integrity": "sha512-QKdjYLYV4hXIuUQDP3P6F4NXuWFoKo9WUoV4nAREIx55kiUyi8UsYdsVobkeXir5n/maEQgYMCKLHVma4rNPiw==",
      "cpu": [
        "arm64"
      ],
      "license": "Apache-2.0",
      "optional": true,
      "os": [
        "linux"
      ],
      "engines": {
        "node": ">=16"
      }
    },
    "node_modules/@openai/codex-linux-x64": {
      "name": "@openai/codex",
      "version": "0.153.4-linux-x64",
      "resolved": "https://registry.npmjs.org/@openai/codex/-/codex-0.153.4-linux-x64.tgz",
      "integrity": "sha512-x1EcwBlY3AObM1VTUHNM2AzAJQsyreGdagpF+qFiYi/Oa30VBktvvG0C6tLtCzqW6hjZNWkGZQWmeVk7MuJKWg==",
      "cpu": [
        "x64"
      ],
      "license": "Apache-2.0",
      "optional": true,
      "os": [
        "linux"
      ],
      "engines": {
        "node": ">=16"
      }
    },
    "node_modules/@openai/codex-win32-arm64": {
      "name": "@openai/codex",
      "version": "0.153.4-win32-arm64",
      "resolved": "https://registry.npmjs.org/@openai/codex/-/codex-0.153.4-win32-arm64.tgz",
      "integrity": "sha512-/FBh42976ltF1kxDoPQBg1Q6+hwChRU5/sm5dfeC8kFVQMvOCGoGeY5d8rRZGVJE8XojlXo74VQb0sHowcfgBw==",
      "cpu": [
        "arm64"
      ],
      "license": "Apache-2.0",
      "optional": true,
      "os": [
        "win32"
      ],
      "engines": {
        "node": ">=16"
      }
    },
    "node_modules/@openai/codex-win32-x64": {
      "name": "@openai/codex",
      "version": "0.153.4-win32-x64",
      "resolved": "https://registry.npmjs.org/@openai/codex/-/codex-0.153.4-win32-x64.tgz",
      "integrity": "sha512-lMkB43kJZH0VFr+hoXc11qqR7QtQIbkr07ALgj4urKL1osNyUyuy1iXd3Vzz2iCYvBUCSw7I0l/W1cEPGx9euQ==",
      "cpu": [
        "x64"
      ],
      "license": "Apache-2.0",
      "optional": true,
      "os": [
        "win32"
      ],
      "engines": {
        "node": ">=16"
      }
    },
    "node_modules/bundle-name": {
      "version": "4.1.0",
      "resolved": "https://registry.npmjs.org/bundle-name/-/bundle-name-4.1.0.tgz",
      "integrity": "sha512-tjwM5exMg6BGRI+kNmTntNsvdZS1X8BFYS6tnJ2hdH0kVxM6/eVZ2xy+FqStSWvYmtfFMDLIxurorHwDKfDz5Q==",
      "license": "MIT",
      "dependencies": {
        "run-applescript": "^7.0.0"
      },
      "engines": {
        "node": ">=18"
      },
      "funding": {
        "url": "https://github.com/sponsors/sindresorhus"
      }
    },
    "node_modules/default-browser": {
      "version": "5.5.1",
      "resolved": "https://registry.npmjs.org/default-browser/-/default-browser-5.5.1.tgz",
      "integrity": "sha512-m1pAzaJgZ/gssEqlOhJkPJp8Xly7QyW6xcrkUa2KKcDeDSEMP7X8xipU3snUcfisTQx0w1AGae+9UtJSfVnXGw==",
      "license": "MIT",
      "dependencies": {
        "bundle-name": "^4.1.0",
        "default-browser-id": "^5.0.0"
      },
      "engines": {
        "node": ">=18"
      },
      "funding": {
        "url": "https://github.com/sponsors/sindresorhus"
      }
    },
    "node_modules/default-browser-id": {
      "version": "5.0.1",
      "resolved": "https://registry.npmjs.org/default-browser-id/-/default-browser-id-5.0.1.tgz",
      "integrity": "sha512-x1VCxdX4t+8wVfd1so/9w+vQ4vx7lKd2Qp5tDRutErwmR85OgmfX7RlLRMWafRMY7hbEiXIbudNrjOAPa/hL8Q==",
      "license": "MIT",
      "engines": {
        "node": ">=18"
      },
      "funding": {
        "url": "https://github.com/sponsors/sindresorhus"
      }
    },
    "node_modules/define-lazy-prop": {
      "version": "3.0.0",
      "resolved": "https://registry.npmjs.org/define-lazy-prop/-/define-lazy-prop-3.0.0.tgz",
      "integrity": "sha512-N+MeXYoqr3pOgn8xfyRPREN7gHakLYjhsHhWGT3fWAiL4IkAt0iDw14QiiEm2bE30c5XX5q0FtAA3CK5f9/BUg==",
      "license": "MIT",
      "engines": {
        "node": ">=12"
      },
      "funding": {
        "url": "https://github.com/sponsors/sindresorhus"
      }
    },
    "node_modules/diff": {
      "version": "9.0.0",
      "resolved": "https://registry.npmjs.org/diff/-/diff-9.0.0.tgz",
      "integrity": "sha512-svtcdpS8CgJyqAjEQIXdb3OjhFVVYjzGAPO8WGCmRbrml64SPw/jJD4GoE98aR7r25A0XcgrK3F02yw9R/vhQw==",
      "license": "BSD-3-Clause",
      "engines": {
        "node": ">=0.3.1"
      }
    },
    "node_modules/is-docker": {
      "version": "3.0.0",
      "resolved": "https://registry.npmjs.org/is-docker/-/is-docker-3.0.0.tgz",
      "integrity": "sha512-eljcgEDlEns/7AXFosB5K/2nCM4P7FQPkGc/DWLy5rmFEWvZayGrik1d9/QIY5nJ4f9YsVvBkA6kJpHn9rISdQ==",
      "license": "MIT",
      "bin": {
        "is-docker": "cli.js"
      },
      "engines": {
        "node": "^12.20.0 || ^14.13.1 || >=16.0.0"
      },
      "funding": {
        "url": "https://github.com/sponsors/sindresorhus"
      }
    },
    "node_modules/is-in-ssh": {
      "version": "1.0.0",
      "resolved": "https://registry.npmjs.org/is-in-ssh/-/is-in-ssh-1.0.0.tgz",
      "integrity": "sha512-jYa6Q9rH90kR1vKB6NM7qqd1mge3Fx4Dhw5TVlK1MUBqhEOuCagrEHMevNuCcbECmXZ0ThXkRm+Ymr51HwEPAw==",
      "license": "MIT",
      "engines": {
        "node": ">=20"
      },
      "funding": {
        "url": "https://github.com/sponsors/sindresorhus"
      }
    },
    "node_modules/is-inside-container": {
      "version": "1.0.0",
      "resolved": "https://registry.npmjs.org/is-inside-container/-/is-inside-container-1.0.0.tgz",
      "integrity": "sha512-KIYLCCJghfHZxqjYBE7rEy0OBuTd5xCHS7tHVgvCLkx7StIoaxwNW3hCALgEUjFfeRk+MG/Qxmp/vtETEF3tRA==",
      "license": "MIT",
      "dependencies": {
        "is-docker": "^3.0.0"
      },
      "bin": {
        "is-inside-container": "cli.js"
      },
      "engines": {
        "node": ">=14.16"
      },
      "funding": {
        "url": "https://github.com/sponsors/sindresorhus"
      }
    },
    "node_modules/is-wsl": {
      "version": "3.1.1",
      "resolved": "https://registry.npmjs.org/is-wsl/-/is-wsl-3.1.1.tgz",
      "integrity": "sha512-e6rvdUCiQCAuumZslxRJWR/Doq4VpPR82kqclvcS0efgt430SlGIk05vdCN58+VrzgtIcfNODjozVielycD4Sw==",
      "license": "MIT",
      "dependencies": {
        "is-inside-container": "^1.0.0"
      },
      "engines": {
        "node": ">=16"
      },
      "funding": {
        "url": "https://github.com/sponsors/sindresorhus"
      }
    },
    "node_modules/open": {
      "version": "11.0.2",
      "resolved": "https://registry.npmjs.org/open/-/open-11.0.2.tgz",
      "integrity": "sha512-RWqF+pBSkqecEvCKOn8QYhaNdRMJDZRIrlS/7rTDdLHaPcfXGCZ/h8zb413NfvdeAV0MR7T1yJcA34/q+CSm1Q==",
      "license": "MIT",
      "dependencies": {
        "default-browser": "^5.5.1",
        "define-lazy-prop": "^3.0.0",
        "is-in-ssh": "^1.0.0",
        "is-inside-container": "^1.0.0",
        "powershell-utils": "^0.2.1",
        "wsl-utils": "^1.0.0"
      },
      "engines": {
        "node": ">=20"
      },
      "funding": {
        "url": "https://github.com/sponsors/sindresorhus"
      }
    },
    "node_modules/powershell-utils": {
      "version": "0.2.1",
      "resolved": "https://registry.npmjs.org/powershell-utils/-/powershell-utils-0.2.1.tgz",
      "integrity": "sha512-C+y9x90UElAddDZmV4qOx9W53B61PO7cIqWz2dQsWlwswuq4mr8NEwytdGKboYbQlGZ3awrkTeNvcZiZNHnQ8A==",
      "license": "MIT",
      "engines": {
        "node": ">=20"
      },
      "funding": {
        "url": "https://github.com/sponsors/sindresorhus"
      }
    },
    "node_modules/run-applescript": {
      "version": "7.1.0",
      "resolved": "https://registry.npmjs.org/run-applescript/-/run-applescript-7.1.0.tgz",
      "integrity": "sha512-DPe5pVFaAsinSaV6QjQ6gdiedWDcRCbUuiQfQa2wmWV7+xC9bGulGI8+TdRmoFkAPaBXk8CrAbnlY2ISniJ47Q==",
      "license": "MIT",
      "engines": {
        "node": ">=18"
      },
      "funding": {
        "url": "https://github.com/sponsors/sindresorhus"
      }
    },
    "node_modules/vscode-jsonrpc": {
      "version": "9.0.2",
      "resolved": "https://registry.npmjs.org/vscode-jsonrpc/-/vscode-jsonrpc-9.0.2.tgz",
      "integrity": "sha512-SbQSV9yRemARxeXw6LU5sS6Zq0e9/DgCCX5yelH263ZQWukbTk8EF8fjTrr1dziasf4GwlJbvTwFnTrnQFWZXQ==",
      "license": "MIT",
      "engines": {
        "node": ">=14.0.0"
      }
    },
    "node_modules/wsl-utils": {
      "version": "1.0.0",
      "resolved": "https://registry.npmjs.org/wsl-utils/-/wsl-utils-1.0.0.tgz",
      "integrity": "sha512-Hl0ZOAs672vg+06kfujwRhoS6/jehvULrlFkuF2dRu6pHgA8U06h3xqNIqNNU1LTXPcedxByAR4GS6pwQK0mgA==",
      "license": "MIT",
      "dependencies": {
        "is-wsl": "^3.1.0",
        "powershell-utils": "^0.1.0"
      },
      "engines": {
        "node": ">=20"
      },
      "funding": {
        "url": "https://github.com/sponsors/sindresorhus"
      }
    },
    "node_modules/wsl-utils/node_modules/powershell-utils": {
      "version": "0.1.0",
      "resolved": "https://registry.npmjs.org/powershell-utils/-/powershell-utils-0.1.0.tgz",
      "integrity": "sha512-dM0jVuXJPsDN6DvRpea484tCUaMiXWjuCn++HGTqUWzGDjv5tZkEZldAJ/UMlqRYGFrD/etByo4/xOuC/snX2A==",
      "license": "MIT",
      "engines": {
        "node": ">=20"
      },
      "funding": {
        "url": "https://github.com/sponsors/sindresorhus"
      }
    },
    "node_modules/zod": {
      "version": "4.5.4",
      "resolved": "https://registry.npmjs.org/zod/-/zod-4.5.4.tgz",
      "integrity": "sha512-sC95tT5iHHH9gtpj6A81kh+NEaRAUFN+qlUPDUbRfOMvNf5QCBqsb3WgvnpVtK5Y+4UfA6KqufotuTvMGiTlsA==",
      "license": "MIT",
      "funding": {
        "url": "https://github.com/sponsors/colinhacks"
      }
    }
  }
}
